
Microsoft Visual Studio Solution File, Format Version 12.00
# Visual Studio Version 17
VisualStudioVersion = 17.0.31912.275
MinimumVisualStudioVersion = 10.0.40219.1
Project("{FAE04EC0-301F-11D3-BF4B-00C04F79EFBC}") = "money_sharp_hw", "money_sharp_hw.csproj", "{A06F207B-931F-4CB4-9067-C14069D28C90}"
EndProject
Global
	GlobalSection(SolutionConfigurationPlatforms) = preSolution
		Debug|Any CPU = Debug|Any CPU
		Release|Any CPU = Release|Any CPU
	EndGlobalSection
	GlobalSection(ProjectConfigurationPlatforms) = postSolution
		{A06F207B-931F-4CB4-9067-C14069D28C90}.Debug|Any CPU.ActiveCfg = Debug|Any CPU
		{A06F207B-931F-4CB4-9067-C14069D28C90}.Debug|Any CPU.Build.0 = Debug|Any CPU
		{A06F207B-931F-4CB4-9067-C14069D28C90}.Release|Any CPU.ActiveCfg = Release|Any CPU
		{A06F207B-931F-4CB4-9067-C14069D28C90}.Release|Any CPU.Build.0 = Release|Any CPU
	EndGlobalSection
	GlobalSection(SolutionProperties) = preSolution
		HideSolutionNode = FALSE
	EndGlobalSection
	GlobalSection(ExtensibilityGlobals) = postSolution
		SolutionGuid = {46A795D4-7627-451D-8243-712636632F87}
	EndGlobalSection
EndGlobal
